// !$*UTF8*$!
{
	archiveVersion = 1;
	classes = {
	};
	objectVersion = 46;
	objects = {

/* Begin PBXBuildFile section */
		8E1CDC021B34787C00247488 /* main.m in Sources */ = {isa = PBXBuildFile; fileRef = 8E1CDC011B34787C00247488 /* main.m */; };
		8E1CDC051B34787C00247488 /* AppDelegate.m in Sources */ = {isa = PBXBuildFile; fileRef = 8E1CDC041B34787C00247488 /* AppDelegate.m */; };
		8E1CDC081B34787C00247488 /* ViewController.m in Sources */ = {isa = PBXBuildFile; fileRef = 8E1CDC071B34787C00247488 /* ViewController.m */; };
		8E1CDC101B34787C00247488 /* LaunchScreen.xib in Resources */ = {isa = PBXBuildFile; fileRef = 8E1CDC0E1B34787C00247488 /* LaunchScreen.xib */; };
		8E1CDC1C1B34787C00247488 /* Feel_BetterTests.m in Sources */ = {isa = PBXBuildFile; fileRef = 8E1CDC1B1B34787C00247488 /* Feel_BetterTests.m */; };
		8E27F4681B34A8B800D18B2C /* SaveNotificationsTableViewController.swift in Sources */ = {isa = PBXBuildFile; fileRef = 8E27F4671B34A8B800D18B2C /* SaveNotificationsTableViewController.swift */; };
		938F1CC61B348BCD005F42F1 /* Main.storyboard in Resources */ = {isa = PBXBuildFile; fileRef = 938F1CBC1B348BCD005F42F1 /* Main.storyboard */; };
		938F1CC71B348BCD005F42F1 /* ImageViewController.m in Sources */ = {isa = PBXBuildFile; fileRef = 938F1CBE1B348BCD005F42F1 /* ImageViewController.m */; };
		938F1CC81B348BCD005F42F1 /* MainViewController.m in Sources */ = {isa = PBXBuildFile; fileRef = 938F1CC01B348BCD005F42F1 /* MainViewController.m */; };
		938F1CC91B348BCD005F42F1 /* CustomCollectionHeaderView.m in Sources */ = {isa = PBXBuildFile; fileRef = 938F1CC21B348BCD005F42F1 /* CustomCollectionHeaderView.m */; };
		938F1CCA1B348BCD005F42F1 /* CustomCollectionViewCell.m in Sources */ = {isa = PBXBuildFile; fileRef = 938F1CC41B348BCD005F42F1 /* CustomCollectionViewCell.m */; };
		938F1CCB1B348BCD005F42F1 /* Images.xcassets in Resources */ = {isa = PBXBuildFile; fileRef = 938F1CC51B348BCD005F42F1 /* Images.xcassets */; };
/* End PBXBuildFile section */

/* Begin PBXContainerItemProxy section */
		8E1CDC161B34787C00247488 /* PBXContainerItemProxy */ = {
			isa = PBXContainerItemProxy;
			containerPortal = 8E1CDBF41B34787C00247488 /* Project object */;
			proxyType = 1;
			remoteGlobalIDString = 8E1CDBFB1B34787C00247488;
			remoteInfo = "Feel Better";
		};
/* End PBXContainerItemProxy section */

/* Begin PBXFileReference section */
		8E1CDBFC1B34787C00247488 /* Feel Better.app */ = {isa = PBXFileReference; explicitFileType = wrapper.application; includeInIndex = 0; path = "Feel Better.app"; sourceTree = BUILT_PRODUCTS_DIR; };
		8E1CDC001B34787C00247488 /* Info.plist */ = {isa = PBXFileReference; lastKnownFileType = text.plist.xml; path = Info.plist; sourceTree = "<group>"; };
		8E1CDC011B34787C00247488 /* main.m */ = {isa = PBXFileReference; lastKnownFileType = sourcecode.c.objc; path = main.m; sourceTree = "<group>"; };
		8E1CDC031B34787C00247488 /* AppDelegate.h */ = {isa = PBXFileReference; lastKnownFileType = sourcecode.c.h; path = AppDelegate.h; sourceTree = "<group>"; };
		8E1CDC041B34787C00247488 /* AppDelegate.m */ = {isa = PBXFileReference; lastKnownFileType = sourcecode.c.objc; path = AppDelegate.m; sourceTree = "<group>"; };
		8E1CDC061B34787C00247488 /* ViewController.h */ = {isa = PBXFileReference; lastKnownFileType = sourcecode.c.h; path = ViewController.h; sourceTree = "<group>"; };
		8E1CDC071B34787C00247488 /* ViewController.m */ = {isa = PBXFileReference; lastKnownFileType = sourcecode.c.objc; path = ViewController.m; sourceTree = "<group>"; };
		8E1CDC0F1B34787C00247488 /* Base */ = {isa = PBXFileReference; lastKnownFileType = file.xib; name = Base; path = Base.lproj/LaunchScreen.xib; sourceTree = "<group>"; };
		8E1CDC151B34787C00247488 /* Feel BetterTests.xctest */ = {isa = PBXFileReference; explicitFileType = wrapper.cfbundle; includeInIndex = 0; path = "Feel BetterTests.xctest"; sourceTree = BUILT_PRODUCTS_DIR; };
		8E1CDC1A1B34787C00247488 /* Info.plist */ = {isa = PBXFileReference; lastKnownFileType = text.plist.xml; path = Info.plist; sourceTree = "<group>"; };
		8E1CDC1B1B34787C00247488 /* Feel_BetterTests.m */ = {isa = PBXFileReference; lastKnownFileType = sourcecode.c.objc; path = Feel_BetterTests.m; sourceTree = "<group>"; };
		8E27F4661B34A8B700D18B2C /* Feel Better-Bridging-Header.h */ = {isa = PBXFileReference; lastKnownFileType = sourcecode.c.h; path = "Feel Better-Bridging-Header.h"; sourceTree = "<group>"; };
		8E27F4671B34A8B800D18B2C /* SaveNotificationsTableViewController.swift */ = {isa = PBXFileReference; fileEncoding = 4; lastKnownFileType = sourcecode.swift; path = SaveNotificationsTableViewController.swift; sourceTree = "<group>"; };
		938F1CBC1B348BCD005F42F1 /* Main.storyboard */ = {isa = PBXFileReference; fileEncoding = 4; lastKnownFileType = file.storyboard; path = Main.storyboard; sourceTree = "<group>"; };
		938F1CBD1B348BCD005F42F1 /* ImageViewController.h */ = {isa = PBXFileReference; fileEncoding = 4; lastKnownFileType = sourcecode.c.h; path = ImageViewController.h; sourceTree = "<group>"; };
		938F1CBE1B348BCD005F42F1 /* ImageViewController.m */ = {isa = PBXFileReference; fileEncoding = 4; lastKnownFileType = sourcecode.c.objc; path = ImageViewController.m; sourceTree = "<group>"; };
		938F1CBF1B348BCD005F42F1 /* MainViewController.h */ = {isa = PBXFileReference; fileEncoding = 4; lastKnownFileType = sourcecode.c.h; path = MainViewController.h; sourceTree = "<group>"; };
		938F1CC01B348BCD005F42F1 /* MainViewController.m */ = {isa = PBXFileReference; fileEncoding = 4; lastKnownFileType = sourcecode.c.objc; path = MainViewController.m; sourceTree = "<group>"; };
		938F1CC11B348BCD005F42F1 /* CustomCollectionHeaderView.h */ = {isa = PBXFileReference; fileEncoding = 4; lastKnownFileType = sourcecode.c.h; path = CustomCollectionHeaderView.h; sourceTree = "<group>"; };
		938F1CC21B348BCD005F42F1 /* CustomCollectionHeaderView.m */ = {isa = PBXFileReference; fileEncoding = 4; lastKnownFileType = sourcecode.c.objc; path = CustomCollectionHeaderView.m; sourceTree = "<group>"; };
		938F1CC31B348BCD005F42F1 /* CustomCollectionViewCell.h */ = {isa = PBXFileReference; fileEncoding = 4; lastKnownFileType = sourcecode.c.h; path = CustomCollectionViewCell.h; sourceTree = "<group>"; };
		938F1CC41B348BCD005F42F1 /* CustomCollectionViewCell.m */ = {isa = PBXFileReference; fileEncoding = 4; lastKnownFileType = sourcecode.c.objc; path = CustomCollectionViewCell.m; sourceTree = "<group>"; };
		938F1CC51B348BCD005F42F1 /* Images.xcassets */ = {isa = PBXFileReference; lastKnownFileType = folder.assetcatalog; path = Images.xcassets; sourceTree = "<group>"; };
/* End PBXFileReference section */

/* Begin PBXFrameworksBuildPhase section */
		8E1CDBF91B34787C00247488 /* Frameworks */ = {
			isa = PBXFrameworksBuildPhase;
			buildActionMask = 2147483647;
			files = (
			);
			runOnlyForDeploymentPostprocessing = 0;
		};
		8E1CDC121B34787C00247488 /* Frameworks */ = {
			isa = PBXFrameworksBuildPhase;
			buildActionMask = 2147483647;
			files = (
			);
			runOnlyForDeploymentPostprocessing = 0;
		};
/* End PBXFrameworksBuildPhase section */

/* Begin PBXGroup section */
		8E1CDBF31B34787C00247488 = {
			isa = PBXGroup;
			children = (
				8E1CDBFE1B34787C00247488 /* Feel Better */,
				8E1CDC181B34787C00247488 /* Feel BetterTests */,
				8E1CDBFD1B34787C00247488 /* Products */,
			);
			sourceTree = "<group>";
		};
		8E1CDBFD1B34787C00247488 /* Products */ = {
			isa = PBXGroup;
			children = (
				8E1CDBFC1B34787C00247488 /* Feel Better.app */,
				8E1CDC151B34787C00247488 /* Feel BetterTests.xctest */,
			);
			name = Products;
			sourceTree = "<group>";
		};
		8E1CDBFE1B34787C00247488 /* Feel Better */ = {
			isa = PBXGroup;
			children = (
				8E1CDC031B34787C00247488 /* AppDelegate.h */,
				8E1CDC041B34787C00247488 /* AppDelegate.m */,
				8E1CDC061B34787C00247488 /* ViewController.h */,
				8E1CDC071B34787C00247488 /* ViewController.m */,
				938F1CBC1B348BCD005F42F1 /* Main.storyboard */,
				938F1CBD1B348BCD005F42F1 /* ImageViewController.h */,
				938F1CBE1B348BCD005F42F1 /* ImageViewController.m */,
				938F1CBF1B348BCD005F42F1 /* MainViewController.h */,
				938F1CC01B348BCD005F42F1 /* MainViewController.m */,
				938F1CC11B348BCD005F42F1 /* CustomCollectionHeaderView.h */,
				938F1CC21B348BCD005F42F1 /* CustomCollectionHeaderView.m */,
				938F1CC31B348BCD005F42F1 /* CustomCollectionViewCell.h */,
				938F1CC41B348BCD005F42F1 /* CustomCollectionViewCell.m */,
				938F1CC51B348BCD005F42F1 /* Images.xcassets */,
				8E1CDC0E1B34787C00247488 /* LaunchScreen.xib */,
				8E1CDBFF1B34787C00247488 /* Supporting Files */,
				8E27F4671B34A8B800D18B2C /* SaveNotificationsTableViewController.swift */,
				8E27F4661B34A8B700D18B2C /* Feel Better-Bridging-Header.h */,
			);
			path = "Feel Better";
			sourceTree = "<group>";
		};
		8E1CDBFF1B34787C00247488 /* Supporting Files */ = {
			isa = PBXGroup;
			children = (
				8E1CDC001B34787C00247488 /* Info.plist */,
				8E1CDC011B34787C00247488 /* main.m */,
			);
			name = "Supporting Files";
			sourceTree = "<group>";
		};
		8E1CDC181B34787C00247488 /* Feel BetterTests */ = {
			isa = PBXGroup;
			children = (
				8E1CDC1B1B34787C00247488 /* Feel_BetterTests.m */,
				8E1CDC191B34787C00247488 /* Supporting Files */,
			);
			path = "Feel BetterTests";
			sourceTree = "<group>";
		};
		8E1CDC191B34787C00247488 /* Supporting Files */ = {
			isa = PBXGroup;
			children = (
				8E1CDC1A1B34787C00247488 /* Info.plist */,
			);
			name = "Supporting Files";
			sourceTree = "<group>";
		};
/* End PBXGroup section */

/* Begin PBXNativeTarget section */
		8E1CDBFB1B34787C00247488 /* Feel Better */ = {
			isa = PBXNativeTarget;
			buildConfigurationList = 8E1CDC1F1B34787C00247488 /* Build configuration list for PBXNativeTarget "Feel Better" */;
			buildPhases = (
				8E1CDBF81B34787C00247488 /* Sources */,
				8E1CDBF91B34787C00247488 /* Frameworks */,
				8E1CDBFA1B34787C00247488 /* Resources */,
			);
			buildRules = (
			);
			dependencies = (
			);
			name = "Feel Better";
			productName = "Feel Better";
			productReference = 8E1CDBFC1B34787C00247488 /* Feel Better.app */;
			productType = "com.apple.product-type.application";
		};
		8E1CDC141B34787C00247488 /* Feel BetterTests */ = {
			isa = PBXNativeTarget;
			buildConfigurationList = 8E1CDC221B34787C00247488 /* Build configuration list for PBXNativeTarget "Feel BetterTests" */;
			buildPhases = (
				8E1CDC111B34787C00247488 /* Sources */,
				8E1CDC121B34787C00247488 /* Frameworks */,
				8E1CDC131B34787C00247488 /* Resources */,
			);
			buildRules = (
			);
			dependencies = (
				8E1CDC171B34787C00247488 /* PBXTargetDependency */,
			);
			name = "Feel BetterTests";
			productName = "Feel BetterTests";
			productReference = 8E1CDC151B34787C00247488 /* Feel BetterTests.xctest */;
			productType = "com.apple.product-type.bundle.unit-test";
		};
/* End PBXNativeTarget section */

/* Begin PBXProject section */
		8E1CDBF41B34787C00247488 /* Project object */ = {
			isa = PBXProject;
			attributes = {
				LastUpgradeCheck = 0630;
				ORGANIZATIONNAME = "Arthur Brum";
				TargetAttributes = {
					8E1CDBFB1B34787C00247488 = {
						CreatedOnToolsVersion = 6.3.2;
					};
					8E1CDC141B34787C00247488 = {
						CreatedOnToolsVersion = 6.3.2;
						TestTargetID = 8E1CDBFB1B34787C00247488;
					};
				};
			};
			buildConfigurationList = 8E1CDBF71B34787C00247488 /* Build configuration list for PBXProject "Feel Better" */;
			compatibilityVersion = "Xcode 3.2";
			developmentRegion = English;
			hasScannedForEncodings = 0;
			knownRegions = (
				en,
				Base,
			);
			mainGroup = 8E1CDBF31B34787C00247488;
			productRefGroup = 8E1CDBFD1B34787C00247488 /* Products */;
			projectDirPath = "";
			projectRoot = "";
			targets = (
				8E1CDBFB1B34787C00247488 /* Feel Better */,
				8E1CDC141B34787C00247488 /* Feel BetterTests */,
			);
		};
/* End PBXProject section */

/* Begin PBXResourcesBuildPhase section */
		8E1CDBFA1B34787C00247488 /* Resources */ = {
			isa = PBXResourcesBuildPhase;
			buildActionMask = 2147483647;
			files = (
				938F1CCB1B348BCD005F42F1 /* Images.xcassets in Resources */,
				8E1CDC101B34787C00247488 /* LaunchScreen.xib in Resources */,
				938F1CC61B348BCD005F42F1 /* Main.storyboard in Resources */,
			);
			runOnlyForDeploymentPostprocessing = 0;
		};
		8E1CDC131B34787C00247488 /* Resources */ = {
			isa = PBXResourcesBuildPhase;
			buildActionMask = 2147483647;
			files = (
			);
			runOnlyForDeploymentPostprocessing = 0;
		};
/* End PBXResourcesBuildPhase section */

/* Begin PBXSourcesBuildPhase section */
		8E1CDBF81B34787C00247488 /* Sources */ = {
			isa = PBXSourcesBuildPhase;
			buildActionMask = 2147483647;
			files = (
				938F1CC91B348BCD005F42F1 /* CustomCollectionHeaderView.m in Sources */,
				8E1CDC081B34787C00247488 /* ViewController.m in Sources */,
				8E1CDC051B34787C00247488 /* AppDelegate.m in Sources */,
				938F1CC71B348BCD005F42F1 /* ImageViewController.m in Sources */,
				938F1CCA1B348BCD005F42F1 /* CustomCollectionViewCell.m in Sources */,
				8E27F4681B34A8B800D18B2C /* SaveNotificationsTableViewController.swift in Sources */,
				938F1CC81B348BCD005F42F1 /* MainViewController.m in Sources */,
				8E1CDC021B34787C00247488 /* main.m in Sources */,
			);
			runOnlyForDeploymentPostprocessing = 0;
		};
		8E1CDC111B34787C00247488 /* Sources */ = {
			isa = PBXSourcesBuildPhase;
			buildActionMask = 2147483647;
			files = (
				8E1CDC1C1B34787C00247488 /* Feel_BetterTests.m in Sources */,
			);
			runOnlyForDeploymentPostprocessing = 0;
		};
/* End PBXSourcesBuildPhase section */

/* Begin PBXTargetDependency section */
		8E1CDC171B34787C00247488 /* PBXTargetDependency */ = {
			isa = PBXTargetDependency;
			target = 8E1CDBFB1B34787C00247488 /* Feel Better */;
			targetProxy = 8E1CDC161B34787C00247488 /* PBXContainerItemProxy */;
		};
/* End PBXTargetDependency section */

/* Begin PBXVariantGroup section */
		8E1CDC0E1B34787C00247488 /* LaunchScreen.xib */ = {
			isa = PBXVariantGroup;
			children = (
				8E1CDC0F1B34787C00247488 /* Base */,
			);
			name = LaunchScreen.xib;
			sourceTree = "<group>";
		};
/* End PBXVariantGroup section */

/* Begin XCBuildConfiguration section */
		8E1CDC1D1B34787C00247488 /* Debug */ = {
			isa = XCBuildConfiguration;
			buildSettings = {
				ALWAYS_SEARCH_USER_PATHS = NO;
				CLANG_CXX_LANGUAGE_STANDARD = "gnu++0x";
				CLANG_CXX_LIBRARY = "libc++";
				CLANG_ENABLE_MODULES = YES;
				CLANG_ENABLE_OBJC_ARC = YES;
				CLANG_WARN_BOOL_CONVERSION = YES;
				CLANG_WARN_CONSTANT_CONVERSION = YES;
				CLANG_WARN_DIRECT_OBJC_ISA_USAGE = YES_ERROR;
				CLANG_WARN_EMPTY_BODY = YES;
				CLANG_WARN_ENUM_CONVERSION = YES;
				CLANG_WARN_INT_CONVERSION = YES;
				CLANG_WARN_OBJC_ROOT_CLASS = YES_ERROR;
				CLANG_WARN_UNREACHABLE_CODE = YES;
				CLANG_WARN__DUPLICATE_METHOD_MATCH = YES;
				"CODE_SIGN_IDENTITY[sdk=iphoneos*]" = "iPhone Developer";
				COPY_PHASE_STRIP = NO;
				DEBUG_INFORMATION_FORMAT = "dwarf-with-dsym";
				DEFINES_MODULE = YES;
				ENABLE_STRICT_OBJC_MSGSEND = YES;
				GCC_C_LANGUAGE_STANDARD = gnu99;
				GCC_DYNAMIC_NO_PIC = NO;
				GCC_NO_COMMON_BLOCKS = YES;
				GCC_OPTIMIZATION_LEVEL = 0;
				GCC_PREPROCESSOR_DEFINITIONS = (
					"DEBUG=1",
					"$(inherited)",
				);
				GCC_SYMBOLS_PRIVATE_EXTERN = NO;
				GCC_WARN_64_TO_32_BIT_CONVERSION = YES;
				GCC_WARN_ABOUT_RETURN_TYPE = YES_ERROR;
				GCC_WARN_UNDECLARED_SELECTOR = YES;
				GCC_WARN_UNINITIALIZED_AUTOS = YES_AGGRESSIVE;
				GCC_WARN_UNUSED_FUNCTION = YES;
				GCC_WARN_UNUSED_VARIABLE = YES;
				IPHONEOS_DEPLOYMENT_TARGET = 8.3;
				MTL_ENABLE_DEBUG_INFO = YES;
				ONLY_ACTIVE_ARCH = YES;
				PRODUCT_NAME = "Feel Better";
				SDKROOT = iphoneos;
			};
			name = Debug;
		};
		8E1CDC1E1B34787C00247488 /* Release */ = {
			isa = XCBuildConfiguration;
			buildSettings = {
				ALWAYS_SEARCH_USER_PATHS = NO;
				CLANG_CXX_LANGUAGE_STANDARD = "gnu++0x";
				CLANG_CXX_LIBRARY = "libc++";
				CLANG_ENABLE_MODULES = YES;
				CLANG_ENABLE_OBJC_ARC = YES;
				CLANG_WARN_BOOL_CONVERSION = YES;
				CLANG_WARN_CONSTANT_CONVERSION = YES;
				CLANG_WARN_DIRECT_OBJC_ISA_USAGE = YES_ERROR;
				CLANG_WARN_EMPTY_BODY = YES;
				CLANG_WARN_ENUM_CONVERSION = YES;
				CLANG_WARN_INT_CONVERSION = YES;
				CLANG_WARN_OBJC_ROOT_CLASS = YES_ERROR;
				CLANG_WARN_UNREACHABLE_CODE = YES;
				CLANG_WARN__DUPLICATE_METHOD_MATCH = YES;
				"CODE_SIGN_IDENTITY[sdk=iphoneos*]" = "iPhone Developer";
				COPY_PHASE_STRIP = NO;
				DEBUG_INFORMATION_FORMAT = "dwarf-with-dsym";
				DEFINES_MODULE = YES;
				ENABLE_NS_ASSERTIONS = NO;
				ENABLE_STRICT_OBJC_MSGSEND = YES;
				GCC_C_LANGUAGE_STANDARD = gnu99;
				GCC_NO_COMMON_BLOCKS = YES;
				GCC_WARN_64_TO_32_BIT_CONVERSION = YES;
				GCC_WARN_ABOUT_RETURN_TYPE = YES_ERROR;
				GCC_WARN_UNDECLARED_SELECTOR = YES;
				GCC_WARN_UNINITIALIZED_AUTOS = YES_AGGRESSIVE;
				GCC_WARN_UNUSED_FUNCTION = YES;
				GCC_WARN_UNUSED_VARIABLE = YES;
				IPHONEOS_DEPLOYMENT_TARGET = 8.3;
				MTL_ENABLE_DEBUG_INFO = NO;
				PRODUCT_NAME = "Feel Better";
				SDKROOT = iphoneos;
				VALIDATE_PRODUCT = YES;
			};
			name = Release;
		};
		8E1CDC201B34787C00247488 /* Debug */ = {
			isa = XCBuildConfiguration;
			buildSettings = {
				ASSETCATALOG_COMPILER_APPICON_NAME = AppIcon;
				CLANG_ENABLE_MODULES = YES;
				INFOPLIST_FILE = "Feel Better/Info.plist";
				LD_RUNPATH_SEARCH_PATHS = "$(inherited) @executable_path/Frameworks";
				PRODUCT_NAME = "$(TARGET_NAME)";
				SWIFT_OBJC_BRIDGING_HEADER = "Feel Better/Feel Better-Bridging-Header.h";
				SWIFT_OPTIMIZATION_LEVEL = "-Onone";
			};
			name = Debug;
		};
		8E1CDC211B34787C00247488 /* Release */ = {
			isa = XCBuildConfiguration;
			buildSettings = {
				ASSETCATALOG_COMPILER_APPICON_NAME = AppIcon;
				CLANG_ENABLE_MODULES = YES;
				INFOPLIST_FILE = "Feel Better/Info.plist";
				LD_RUNPATH_SEARCH_PATHS = "$(inherited) @executable_path/Frameworks";
				PRODUCT_NAME = "$(TARGET_NAME)";
				SWIFT_OBJC_BRIDGING_HEADER = "Feel Better/Feel Better-Bridging-Header.h";
			};
			name = Release;
		};
		8E1CDC231B34787C00247488 /* Debug */ = {
			isa = XCBuildConfiguration;
			buildSettings = {
				BUNDLE_LOADER = "$(TEST_HOST)";
				FRAMEWORK_SEARCH_PATHS = (
					"$(SDKROOT)/Developer/Library/Frameworks",
					"$(inherited)",
				);
				GCC_PREPROCESSOR_DEFINITIONS = (
					"DEBUG=1",
					"$(inherited)",
				);
				INFOPLIST_FILE = "Feel BetterTests/Info.plist";
				LD_RUNPATH_SEARCH_PATHS = "$(inherited) @executable_path/Frameworks @loader_path/Frameworks";
				PRODUCT_NAME = "$(TARGET_NAME)";
				TEST_HOST = "$(BUILT_PRODUCTS_DIR)/Feel Better.app/Feel Better";
			};
			name = Debug;
		};
		8E1CDC241B34787C00247488 /* Release */ = {
			isa = XCBuildConfiguration;
			buildSettings = {
				BUNDLE_LOADER = "$(TEST_HOST)";
				FRAMEWORK_SEARCH_PATHS = (
					"$(SDKROOT)/Developer/Library/Frameworks",
					"$(inherited)",
				);
				INFOPLIST_FILE = "Feel BetterTests/Info.plist";
				LD_RUNPATH_SEARCH_PATHS = "$(inherited) @executable_path/Frameworks @loader_path/Frameworks";
				PRODUCT_NAME = "$(TARGET_NAME)";
				TEST_HOST = "$(BUILT_PRODUCTS_DIR)/Feel Better.app/Feel Better";
			};
			name = Release;
		};
/* End XCBuildConfiguration section */

/* Begin XCConfigurationList section */
		8E1CDBF71B34787C00247488 /* Build configuration list for PBXProject "Feel Better" */ = {
			isa = XCConfigurationList;
			buildConfigurations = (
				8E1CDC1D1B34787C00247488 /* Debug */,
				8E1CDC1E1B34787C00247488 /* Release */,
			);
			defaultConfigurationIsVisible = 0;
			defaultConfigurationName = Release;
		};
		8E1CDC1F1B34787C00247488 /* Build configuration list for PBXNativeTarget "Feel Better" */ = {
			isa = XCConfigurationList;
			buildConfigurations = (
				8E1CDC201B34787C00247488 /* Debug */,
				8E1CDC211B34787C00247488 /* Release */,
			);
			defaultConfigurationIsVisible = 0;
			defaultConfigurationName = Release;
		};
		8E1CDC221B34787C00247488 /* Build configuration list for PBXNativeTarget "Feel BetterTests" */ = {
			isa = XCConfigurationList;
			buildConfigurations = (
				8E1CDC231B34787C00247488 /* Debug */,
				8E1CDC241B34787C00247488 /* Release */,
			);
			defaultConfigurationIsVisible = 0;
			defaultConfigurationName = Release;
		};
/* End XCConfigurationList section */
	};
	rootObject = 8E1CDBF41B34787C00247488 /* Project object */;
}
